// !$*UTF8*$!
{
	archiveVersion = 1;
	classes = {
	};
	objectVersion = 56;
	objects = {

/* Begin PBXBuildFile section */
		F81171902A3CBA6900AA0D3F /* SettingsView.swift in Sources */ = {isa = PBXBuildFile; fileRef = F811718F2A3CBA6900AA0D3F /* SettingsView.swift */; };
		F81171932A3CDCA900AA0D3F /* HistoryView.swift in Sources */ = {isa = PBXBuildFile; fileRef = F81171922A3CDCA900AA0D3F /* HistoryView.swift */; };
		F88901A32A3C9EF4006F8F92 /* TippleApp.swift in Sources */ = {isa = PBXBuildFile; fileRef = F88901A22A3C9EF4006F8F92 /* TippleApp.swift */; };
		F88901A52A3C9EF4006F8F92 /* ContentView.swift in Sources */ = {isa = PBXBuildFile; fileRef = F88901A42A3C9EF4006F8F92 /* ContentView.swift */; };
		F88901A72A3C9EF5006F8F92 /* Assets.xcassets in Resources */ = {isa = PBXBuildFile; fileRef = F88901A62A3C9EF5006F8F92 /* Assets.xcassets */; };
		F88901AA2A3C9EF5006F8F92 /* Preview Assets.xcassets in Resources */ = {isa = PBXBuildFile; fileRef = F88901A92A3C9EF5006F8F92 /* Preview Assets.xcassets */; };
		F88C4FD12A4063350067F97D /* DrinkItem.swift in Sources */ = {isa = PBXBuildFile; fileRef = F88C4FD02A4063350067F97D /* DrinkItem.swift */; };
		F88C4FD52A40671F0067F97D /* Drinks.swift in Sources */ = {isa = PBXBuildFile; fileRef = F88C4FD42A40671F0067F97D /* Drinks.swift */; };
		F88C4FD72A4093030067F97D /* UserSettings.swift in Sources */ = {isa = PBXBuildFile; fileRef = F88C4FD62A4093030067F97D /* UserSettings.swift */; };
/* End PBXBuildFile section */

/* Begin PBXFileReference section */
		F811718F2A3CBA6900AA0D3F /* SettingsView.swift */ = {isa = PBXFileReference; lastKnownFileType = sourcecode.swift; path = SettingsView.swift; sourceTree = "<group>"; };
		F81171912A3CC78600AA0D3F /* Tipple.entitlements */ = {isa = PBXFileReference; lastKnownFileType = text.plist.entitlements; path = Tipple.entitlements; sourceTree = "<group>"; };
		F81171922A3CDCA900AA0D3F /* HistoryView.swift */ = {isa = PBXFileReference; lastKnownFileType = sourcecode.swift; path = HistoryView.swift; sourceTree = "<group>"; };
		F889019F2A3C9EF4006F8F92 /* Tipple.app */ = {isa = PBXFileReference; explicitFileType = wrapper.application; includeInIndex = 0; path = Tipple.app; sourceTree = BUILT_PRODUCTS_DIR; };
		F88901A22A3C9EF4006F8F92 /* TippleApp.swift */ = {isa = PBXFileReference; lastKnownFileType = sourcecode.swift; path = TippleApp.swift; sourceTree = "<group>"; };
		F88901A42A3C9EF4006F8F92 /* ContentView.swift */ = {isa = PBXFileReference; lastKnownFileType = sourcecode.swift; path = ContentView.swift; sourceTree = "<group>"; };
		F88901A62A3C9EF5006F8F92 /* Assets.xcassets */ = {isa = PBXFileReference; lastKnownFileType = folder.assetcatalog; path = Assets.xcassets; sourceTree = "<group>"; };
		F88901A92A3C9EF5006F8F92 /* Preview Assets.xcassets */ = {isa = PBXFileReference; lastKnownFileType = folder.assetcatalog; path = "Preview Assets.xcassets"; sourceTree = "<group>"; };
		F88C4FD02A4063350067F97D /* DrinkItem.swift */ = {isa = PBXFileReference; lastKnownFileType = sourcecode.swift; path = DrinkItem.swift; sourceTree = "<group>"; };
		F88C4FD42A40671F0067F97D /* Drinks.swift */ = {isa = PBXFileReference; lastKnownFileType = sourcecode.swift; path = Drinks.swift; sourceTree = "<group>"; };
		F88C4FD62A4093030067F97D /* UserSettings.swift */ = {isa = PBXFileReference; lastKnownFileType = sourcecode.swift; path = UserSettings.swift; sourceTree = "<group>"; };
/* End PBXFileReference section */

/* Begin PBXFrameworksBuildPhase section */
		F889019C2A3C9EF4006F8F92 /* Frameworks */ = {
			isa = PBXFrameworksBuildPhase;
			buildActionMask = 2147483647;
			files = (
			);
			runOnlyForDeploymentPostprocessing = 0;
		};
/* End PBXFrameworksBuildPhase section */

/* Begin PBXGroup section */
		F88901962A3C9EF4006F8F92 = {
			isa = PBXGroup;
			children = (
				F88901A12A3C9EF4006F8F92 /* Tipple */,
				F88901A02A3C9EF4006F8F92 /* Products */,
			);
			sourceTree = "<group>";
		};
		F88901A02A3C9EF4006F8F92 /* Products */ = {
			isa = PBXGroup;
			children = (
				F889019F2A3C9EF4006F8F92 /* Tipple.app */,
			);
			name = Products;
			sourceTree = "<group>";
		};
		F88901A12A3C9EF4006F8F92 /* Tipple */ = {
			isa = PBXGroup;
			children = (
				F81171912A3CC78600AA0D3F /* Tipple.entitlements */,
				F88901A22A3C9EF4006F8F92 /* TippleApp.swift */,
				F88901A42A3C9EF4006F8F92 /* ContentView.swift */,
				F81171922A3CDCA900AA0D3F /* HistoryView.swift */,
				F811718F2A3CBA6900AA0D3F /* SettingsView.swift */,
				F88C4FD02A4063350067F97D /* DrinkItem.swift */,
				F88C4FD62A4093030067F97D /* UserSettings.swift */,
				F88C4FD42A40671F0067F97D /* Drinks.swift */,
				F88901A62A3C9EF5006F8F92 /* Assets.xcassets */,
				F88901A82A3C9EF5006F8F92 /* Preview Content */,
			);
			path = Tipple;
			sourceTree = "<group>";
		};
		F88901A82A3C9EF5006F8F92 /* Preview Content */ = {
			isa = PBXGroup;
			children = (
				F88901A92A3C9EF5006F8F92 /* Preview Assets.xcassets */,
			);
			path = "Preview Content";
			sourceTree = "<group>";
		};
/* End PBXGroup section */

/* Begin PBXNativeTarget section */
		F889019E2A3C9EF4006F8F92 /* Tipple */ = {
			isa = PBXNativeTarget;
			buildConfigurationList = F88901AD2A3C9EF5006F8F92 /* Build configuration list for PBXNativeTarget "Tipple" */;
			buildPhases = (
				F889019B2A3C9EF4006F8F92 /* Sources */,
				F889019C2A3C9EF4006F8F92 /* Frameworks */,
				F889019D2A3C9EF4006F8F92 /* Resources */,
			);
			buildRules = (
			);
			dependencies = (
			);
			name = Tipple;
			productName = Tipple;
			productReference = F889019F2A3C9EF4006F8F92 /* Tipple.app */;
			productType = "com.apple.product-type.application";
		};
/* End PBXNativeTarget section */

/* Begin PBXProject section */
		F88901972A3C9EF4006F8F92 /* Project object */ = {
			isa = PBXProject;
			attributes = {
				BuildIndependentTargetsInParallel = 1;
				LastSwiftUpdateCheck = 1500;
				LastUpgradeCheck = 1500;
				TargetAttributes = {
					F889019E2A3C9EF4006F8F92 = {
						CreatedOnToolsVersion = 15.0;
					};
				};
			};
			buildConfigurationList = F889019A2A3C9EF4006F8F92 /* Build configuration list for PBXProject "Tipple" */;
			compatibilityVersion = "Xcode 14.0";
			developmentRegion = en;
			hasScannedForEncodings = 0;
			knownRegions = (
				en,
				Base,
			);
			mainGroup = F88901962A3C9EF4006F8F92;
			productRefGroup = F88901A02A3C9EF4006F8F92 /* Products */;
			projectDirPath = "";
			projectRoot = "";
			targets = (
				F889019E2A3C9EF4006F8F92 /* Tipple */,
			);
		};
/* End PBXProject section */

/* Begin PBXResourcesBuildPhase section */
		F889019D2A3C9EF4006F8F92 /* Resources */ = {
			isa = PBXResourcesBuildPhase;
			buildActionMask = 2147483647;
			files = (
				F88901AA2A3C9EF5006F8F92 /* Preview Assets.xcassets in Resources */,
				F88901A72A3C9EF5006F8F92 /* Assets.xcassets in Resources */,
			);
			runOnlyForDeploymentPostprocessing = 0;
		};
/* End PBXResourcesBuildPhase section */

/* Begin PBXSourcesBuildPhase section */
		F889019B2A3C9EF4006F8F92 /* Sources */ = {
			isa = PBXSourcesBuildPhase;
			buildActionMask = 2147483647;
			files = (
				F88C4FD52A40671F0067F97D /* Drinks.swift in Sources */,
				F81171902A3CBA6900AA0D3F /* SettingsView.swift in Sources */,
				F88C4FD12A4063350067F97D /* DrinkItem.swift in Sources */,
				F81171932A3CDCA900AA0D3F /* HistoryView.swift in Sources */,
				F88C4FD72A4093030067F97D /* UserSettings.swift in Sources */,
				F88901A52A3C9EF4006F8F92 /* ContentView.swift in Sources */,
				F88901A32A3C9EF4006F8F92 /* TippleApp.swift in Sources */,
			);
			runOnlyForDeploymentPostprocessing = 0;
		};
/* End PBXSourcesBuildPhase section */

/* Begin XCBuildConfiguration section */
		F88901AB2A3C9EF5006F8F92 /* Debug */ = {
			isa = XCBuildConfiguration;
			buildSettings = {
				ALWAYS_SEARCH_USER_PATHS = NO;
				ASSETCATALOG_COMPILER_GENERATE_SWIFT_ASSET_SYMBOL_EXTENSIONS = YES;
				CLANG_ANALYZER_NONNULL = YES;
				CLANG_ANALYZER_NUMBER_OBJECT_CONVERSION = YES_AGGRESSIVE;
				CLANG_CXX_LANGUAGE_STANDARD = "gnu++20";
				CLANG_ENABLE_MODULES = YES;
				CLANG_ENABLE_OBJC_ARC = YES;
				CLANG_ENABLE_OBJC_WEAK = YES;
				CLANG_WARN_BLOCK_CAPTURE_AUTORELEASING = YES;
				CLANG_WARN_BOOL_CONVERSION = YES;
				CLANG_WARN_COMMA = YES;
				CLANG_WARN_CONSTANT_CONVERSION = YES;
				CLANG_WARN_DEPRECATED_OBJC_IMPLEMENTATIONS = YES;
				CLANG_WARN_DIRECT_OBJC_ISA_USAGE = YES_ERROR;
				CLANG_WARN_DOCUMENTATION_COMMENTS = YES;
				CLANG_WARN_EMPTY_BODY = YES;
				CLANG_WARN_ENUM_CONVERSION = YES;
				CLANG_WARN_INFINITE_RECURSION = YES;
				CLANG_WARN_INT_CONVERSION = YES;
				CLANG_WARN_NON_LITERAL_NULL_CONVERSION = YES;
				CLANG_WARN_OBJC_IMPLICIT_RETAIN_SELF = YES;
				CLANG_WARN_OBJC_LITERAL_CONVERSION = YES;
				CLANG_WARN_OBJC_ROOT_CLASS = YES_ERROR;
				CLANG_WARN_QUOTED_INCLUDE_IN_FRAMEWORK_HEADER = YES;
				CLANG_WARN_RANGE_LOOP_ANALYSIS = YES;
				CLANG_WARN_STRICT_PROTOTYPES = YES;
				CLANG_WARN_SUSPICIOUS_MOVE = YES;
				CLANG_WARN_UNGUARDED_AVAILABILITY = YES_AGGRESSIVE;
				CLANG_WARN_UNREACHABLE_CODE = YES;
				CLANG_WARN__DUPLICATE_METHOD_MATCH = YES;
				COPY_PHASE_STRIP = NO;
				DEBUG_INFORMATION_FORMAT = dwarf;
				ENABLE_STRICT_OBJC_MSGSEND = YES;
				ENABLE_TESTABILITY = YES;
				ENABLE_USER_SCRIPT_SANDBOXING = YES;
				GCC_C_LANGUAGE_STANDARD = gnu17;
				GCC_DYNAMIC_NO_PIC = NO;
				GCC_NO_COMMON_BLOCKS = YES;
				GCC_OPTIMIZATION_LEVEL = 0;
				GCC_PREPROCESSOR_DEFINITIONS = (
					"DEBUG=1",
					"$(inherited)",
				);
				GCC_WARN_64_TO_32_BIT_CONVERSION = YES;
				GCC_WARN_ABOUT_RETURN_TYPE = YES_ERROR;
				GCC_WARN_UNDECLARED_SELECTOR = YES;
				GCC_WARN_UNINITIALIZED_AUTOS = YES_AGGRESSIVE;
				GCC_WARN_UNUSED_FUNCTION = YES;
				GCC_WARN_UNUSED_VARIABLE = YES;
				IPHONEOS_DEPLOYMENT_TARGET = 17.0;
				LOCALIZATION_PREFERS_STRING_CATALOGS = YES;
				MTL_ENABLE_DEBUG_INFO = INCLUDE_SOURCE;
				MTL_FAST_MATH = YES;
				ONLY_ACTIVE_ARCH = YES;
				SDKROOT = iphoneos;
				SWIFT_ACTIVE_COMPILATION_CONDITIONS = "DEBUG $(inherited)";
				SWIFT_OPTIMIZATION_LEVEL = "-Onone";
			};
			name = Debug;
		};
		F88901AC2A3C9EF5006F8F92 /* Release */ = {
			isa = XCBuildConfiguration;
			buildSettings = {
				ALWAYS_SEARCH_USER_PATHS = NO;
				ASSETCATALOG_COMPILER_GENERATE_SWIFT_ASSET_SYMBOL_EXTENSIONS = YES;
				CLANG_ANALYZER_NONNULL = YES;
				CLANG_ANALYZER_NUMBER_OBJECT_CONVERSION = YES_AGGRESSIVE;
				CLANG_CXX_LANGUAGE_STANDARD = "gnu++20";
				CLANG_ENABLE_MODULES = YES;
				CLANG_ENABLE_OBJC_ARC = YES;
				CLANG_ENABLE_OBJC_WEAK = YES;
				CLANG_WARN_BLOCK_CAPTURE_AUTORELEASING = YES;
				CLANG_WARN_BOOL_CONVERSION = YES;
				CLANG_WARN_COMMA = YES;
				CLANG_WARN_CONSTANT_CONVERSION = YES;
				CLANG_WARN_DEPRECATED_OBJC_IMPLEMENTATIONS = YES;
				CLANG_WARN_DIRECT_OBJC_ISA_USAGE = YES_ERROR;
				CLANG_WARN_DOCUMENTATION_COMMENTS = YES;
				CLANG_WARN_EMPTY_BODY = YES;
				CLANG_WARN_ENUM_CONVERSION = YES;
				CLANG_WARN_INFINITE_RECURSION = YES;
				CLANG_WARN_INT_CONVERSION = YES;
				CLANG_WARN_NON_LITERAL_NULL_CONVERSION = YES;
				CLANG_WARN_OBJC_IMPLICIT_RETAIN_SELF = YES;
				CLANG_WARN_OBJC_LITERAL_CONVERSION = YES;
				CLANG_WARN_OBJC_ROOT_CLASS = YES_ERROR;
				CLANG_WARN_QUOTED_INCLUDE_IN_FRAMEWORK_HEADER = YES;
				CLANG_WARN_RANGE_LOOP_ANALYSIS = YES;
				CLANG_WARN_STRICT_PROTOTYPES = YES;
				CLANG_WARN_SUSPICIOUS_MOVE = YES;
				CLANG_WARN_UNGUARDED_AVAILABILITY = YES_AGGRESSIVE;
				CLANG_WARN_UNREACHABLE_CODE = YES;
				CLANG_WARN__DUPLICATE_METHOD_MATCH = YES;
				COPY_PHASE_STRIP = NO;
				DEBUG_INFORMATION_FORMAT = "dwarf-with-dsym";
				ENABLE_NS_ASSERTIONS = NO;
				ENABLE_STRICT_OBJC_MSGSEND = YES;
				ENABLE_USER_SCRIPT_SANDBOXING = YES;
				GCC_C_LANGUAGE_STANDARD = gnu17;
				GCC_NO_COMMON_BLOCKS = YES;
				GCC_WARN_64_TO_32_BIT_CONVERSION = YES;
				GCC_WARN_ABOUT_RETURN_TYPE = YES_ERROR;
				GCC_WARN_UNDECLARED_SELECTOR = YES;
				GCC_WARN_UNINITIALIZED_AUTOS = YES_AGGRESSIVE;
				GCC_WARN_UNUSED_FUNCTION = YES;
				GCC_WARN_UNUSED_VARIABLE = YES;
				IPHONEOS_DEPLOYMENT_TARGET = 17.0;
				LOCALIZATION_PREFERS_STRING_CATALOGS = YES;
				MTL_ENABLE_DEBUG_INFO = NO;
				MTL_FAST_MATH = YES;
				SDKROOT = iphoneos;
				SWIFT_COMPILATION_MODE = wholemodule;
				VALIDATE_PRODUCT = YES;
			};
			name = Release;
		};
		F88901AE2A3C9EF5006F8F92 /* Debug */ = {
			isa = XCBuildConfiguration;
			buildSettings = {
				ASSETCATALOG_COMPILER_APPICON_NAME = AppIcon;
				ASSETCATALOG_COMPILER_GLOBAL_ACCENT_COLOR_NAME = AccentColor;
				CODE_SIGN_ENTITLEMENTS = Tipple/Tipple.entitlements;
				CODE_SIGN_STYLE = Automatic;
				CURRENT_PROJECT_VERSION = 1;
				DEVELOPMENT_ASSET_PATHS = "\"Tipple/Preview Content\"";
				DEVELOPMENT_TEAM = 36P4XTQEHP;
				ENABLE_PREVIEWS = YES;
				GENERATE_INFOPLIST_FILE = YES;
				INFOPLIST_KEY_UIApplicationSceneManifest_Generation = YES;
				INFOPLIST_KEY_UIApplicationSupportsIndirectInputEvents = YES;
				INFOPLIST_KEY_UILaunchScreen_Generation = YES;
				INFOPLIST_KEY_UISupportedInterfaceOrientations_iPad = "UIInterfaceOrientationPortrait UIInterfaceOrientationPortraitUpsideDown UIInterfaceOrientationLandscapeLeft UIInterfaceOrientationLandscapeRight";
				INFOPLIST_KEY_UISupportedInterfaceOrientations_iPhone = "UIInterfaceOrientationPortrait UIInterfaceOrientationLandscapeLeft UIInterfaceOrientationLandscapeRight";
				IPHONEOS_DEPLOYMENT_TARGET = 16.2;
				LD_RUNPATH_SEARCH_PATHS = (
					"$(inherited)",
					"@executable_path/Frameworks",
				);
				MARKETING_VERSION = 1.0;
				PRODUCT_BUNDLE_IDENTIFIER = co.richardp.Tipple;
				PRODUCT_NAME = "$(TARGET_NAME)";
				SWIFT_EMIT_LOC_STRINGS = YES;
				SWIFT_VERSION = 5.0;
				TARGETED_DEVICE_FAMILY = "1,2";
			};
			name = Debug;
		};
		F88901AF2A3C9EF5006F8F92 /* Release */ = {
			isa = XCBuildConfiguration;
			buildSettings = {
				ASSETCATALOG_COMPILER_APPICON_NAME = AppIcon;
				ASSETCATALOG_COMPILER_GLOBAL_ACCENT_COLOR_NAME = AccentColor;
				CODE_SIGN_ENTITLEMENTS = Tipple/Tipple.entitlements;
				CODE_SIGN_STYLE = Automatic;
				CURRENT_PROJECT_VERSION = 1;
				DEVELOPMENT_ASSET_PATHS = "\"Tipple/Preview Content\"";
				DEVELOPMENT_TEAM = 36P4XTQEHP;
				ENABLE_PREVIEWS = YES;
				GENERATE_INFOPLIST_FILE = YES;
				INFOPLIST_KEY_UIApplicationSceneManifest_Generation = YES;
				INFOPLIST_KEY_UIApplicationSupportsIndirectInputEvents = YES;
				INFOPLIST_KEY_UILaunchScreen_Generation = YES;
				INFOPLIST_KEY_UISupportedInterfaceOrientations_iPad = "UIInterfaceOrientationPortrait UIInterfaceOrientationPortraitUpsideDown UIInterfaceOrientationLandscapeLeft UIInterfaceOrientationLandscapeRight";
				INFOPLIST_KEY_UISupportedInterfaceOrientations_iPhone = "UIInterfaceOrientationPortrait UIInterfaceOrientationLandscapeLeft UIInterfaceOrientationLandscapeRight";
				IPHONEOS_DEPLOYMENT_TARGET = 16.2;
				LD_RUNPATH_SEARCH_PATHS = (
					"$(inherited)",
					"@executable_path/Frameworks",
				);
				MARKETING_VERSION = 1.0;
				PRODUCT_BUNDLE_IDENTIFIER = co.richardp.Tipple;
				PRODUCT_NAME = "$(TARGET_NAME)";
				SWIFT_EMIT_LOC_STRINGS = YES;
				SWIFT_VERSION = 5.0;
				TARGETED_DEVICE_FAMILY = "1,2";
			};
			name = Release;
		};
/* End XCBuildConfiguration section */

/* Begin XCConfigurationList section */
		F889019A2A3C9EF4006F8F92 /* Build configuration list for PBXProject "Tipple" */ = {
			isa = XCConfigurationList;
			buildConfigurations = (
				F88901AB2A3C9EF5006F8F92 /* Debug */,
				F88901AC2A3C9EF5006F8F92 /* Release */,
			);
			defaultConfigurationIsVisible = 0;
			defaultConfigurationName = Release;
		};
		F88901AD2A3C9EF5006F8F92 /* Build configuration list for PBXNativeTarget "Tipple" */ = {
			isa = XCConfigurationList;
			buildConfigurations = (
				F88901AE2A3C9EF5006F8F92 /* Debug */,
				F88901AF2A3C9EF5006F8F92 /* Release */,
			);
			defaultConfigurationIsVisible = 0;
			defaultConfigurationName = Release;
		};
/* End XCConfigurationList section */
	};
	rootObject = F88901972A3C9EF4006F8F92 /* Project object */;
}
