// !$*UTF8*$!
{
	archiveVersion = 1;
	classes = {
	};
	objectVersion = 56;
	objects = {

/* Begin PBXBuildFile section */
		F801F15A2AA12610000484FB /* BackgroundView.swift in Sources */ = {isa = PBXBuildFile; fileRef = F801F1592AA12610000484FB /* BackgroundView.swift */; };
		F81EF5162A49ADB800594726 /* AppSettings.swift in Sources */ = {isa = PBXBuildFile; fileRef = F81EF5152A49ADB800594726 /* AppSettings.swift */; };
		F82D26252A4874B300754A86 /* TippleApp.swift in Sources */ = {isa = PBXBuildFile; fileRef = F82D26242A4874B300754A86 /* TippleApp.swift */; };
		F82D26272A4874B300754A86 /* DrinkCountView.swift in Sources */ = {isa = PBXBuildFile; fileRef = F82D26262A4874B300754A86 /* DrinkCountView.swift */; };
		F82D26292A4874B400754A86 /* Assets.xcassets in Resources */ = {isa = PBXBuildFile; fileRef = F82D26282A4874B400754A86 /* Assets.xcassets */; };
		F82D262C2A4874B400754A86 /* Preview Assets.xcassets in Resources */ = {isa = PBXBuildFile; fileRef = F82D262B2A4874B400754A86 /* Preview Assets.xcassets */; };
		F82D26332A4874CD00754A86 /* DrinkEntry.swift in Sources */ = {isa = PBXBuildFile; fileRef = F82D26322A4874CD00754A86 /* DrinkEntry.swift */; };
		F82D26352A4878D000754A86 /* HistoryView.swift in Sources */ = {isa = PBXBuildFile; fileRef = F82D26342A4878D000754A86 /* HistoryView.swift */; };
		F82D26372A487B8200754A86 /* SettingsView.swift in Sources */ = {isa = PBXBuildFile; fileRef = F82D26362A487B8200754A86 /* SettingsView.swift */; };
		F8473EC62A7D52BF00545133 /* LogDrinkFormView.swift in Sources */ = {isa = PBXBuildFile; fileRef = F8473EC52A7D52BF00545133 /* LogDrinkFormView.swift */; };
		F8A037412AB2624B009C0252 /* LogDrinkTip.swift in Sources */ = {isa = PBXBuildFile; fileRef = F8A037402AB2624B009C0252 /* LogDrinkTip.swift */; };
		F8A7CCC62AA35D46005918EC /* LogDrinkButtonView.swift in Sources */ = {isa = PBXBuildFile; fileRef = F8A7CCC52AA35D46005918EC /* LogDrinkButtonView.swift */; };
		F8C9E6A32AAE039A0001666D /* Themes.swift in Sources */ = {isa = PBXBuildFile; fileRef = F8C9E6A22AAE039A0001666D /* Themes.swift */; };
		F8ED58C72AA5031700EA10D4 /* WeekHistoryView.swift in Sources */ = {isa = PBXBuildFile; fileRef = F8ED58C62AA5031700EA10D4 /* WeekHistoryView.swift */; };
/* End PBXBuildFile section */

/* Begin PBXCopyFilesBuildPhase section */
		F85DCC112A55637000DAA316 /* Embed Foundation Extensions */ = {
			isa = PBXCopyFilesBuildPhase;
			buildActionMask = 2147483647;
			dstPath = "";
			dstSubfolderSpec = 13;
			files = (
			);
			name = "Embed Foundation Extensions";
			runOnlyForDeploymentPostprocessing = 0;
		};
/* End PBXCopyFilesBuildPhase section */

/* Begin PBXFileReference section */
		F801F1592AA12610000484FB /* BackgroundView.swift */ = {isa = PBXFileReference; lastKnownFileType = sourcecode.swift; path = BackgroundView.swift; sourceTree = "<group>"; };
		F81EF5152A49ADB800594726 /* AppSettings.swift */ = {isa = PBXFileReference; lastKnownFileType = sourcecode.swift; path = AppSettings.swift; sourceTree = "<group>"; };
		F82370F02A6E89760041198F /* Tipple.entitlements */ = {isa = PBXFileReference; lastKnownFileType = text.plist.entitlements; path = Tipple.entitlements; sourceTree = "<group>"; };
		F82370F12A6E8C4C0041198F /* Info.plist */ = {isa = PBXFileReference; lastKnownFileType = text.plist; path = Info.plist; sourceTree = "<group>"; };
		F82D26212A4874B300754A86 /* Tipple.app */ = {isa = PBXFileReference; explicitFileType = wrapper.application; includeInIndex = 0; path = Tipple.app; sourceTree = BUILT_PRODUCTS_DIR; };
		F82D26242A4874B300754A86 /* TippleApp.swift */ = {isa = PBXFileReference; lastKnownFileType = sourcecode.swift; path = TippleApp.swift; sourceTree = "<group>"; };
		F82D26262A4874B300754A86 /* DrinkCountView.swift */ = {isa = PBXFileReference; lastKnownFileType = sourcecode.swift; path = DrinkCountView.swift; sourceTree = "<group>"; };
		F82D26282A4874B400754A86 /* Assets.xcassets */ = {isa = PBXFileReference; lastKnownFileType = folder.assetcatalog; path = Assets.xcassets; sourceTree = "<group>"; };
		F82D262B2A4874B400754A86 /* Preview Assets.xcassets */ = {isa = PBXFileReference; lastKnownFileType = folder.assetcatalog; path = "Preview Assets.xcassets"; sourceTree = "<group>"; };
		F82D26322A4874CD00754A86 /* DrinkEntry.swift */ = {isa = PBXFileReference; lastKnownFileType = sourcecode.swift; path = DrinkEntry.swift; sourceTree = "<group>"; };
		F82D26342A4878D000754A86 /* HistoryView.swift */ = {isa = PBXFileReference; lastKnownFileType = sourcecode.swift; path = HistoryView.swift; sourceTree = "<group>"; };
		F82D26362A487B8200754A86 /* SettingsView.swift */ = {isa = PBXFileReference; lastKnownFileType = sourcecode.swift; path = SettingsView.swift; sourceTree = "<group>"; };
		F8473EC52A7D52BF00545133 /* LogDrinkFormView.swift */ = {isa = PBXFileReference; lastKnownFileType = sourcecode.swift; path = LogDrinkFormView.swift; sourceTree = "<group>"; };
		F85DCC022A55636E00DAA316 /* SwiftUI.framework */ = {isa = PBXFileReference; lastKnownFileType = wrapper.framework; name = SwiftUI.framework; path = System/Library/Frameworks/SwiftUI.framework; sourceTree = SDKROOT; };
		F8A037402AB2624B009C0252 /* LogDrinkTip.swift */ = {isa = PBXFileReference; lastKnownFileType = sourcecode.swift; path = LogDrinkTip.swift; sourceTree = "<group>"; };
		F8A7CCC52AA35D46005918EC /* LogDrinkButtonView.swift */ = {isa = PBXFileReference; lastKnownFileType = sourcecode.swift; path = LogDrinkButtonView.swift; sourceTree = "<group>"; };
		F8C9E6A22AAE039A0001666D /* Themes.swift */ = {isa = PBXFileReference; lastKnownFileType = sourcecode.swift; path = Themes.swift; sourceTree = "<group>"; };
		F8ED58C62AA5031700EA10D4 /* WeekHistoryView.swift */ = {isa = PBXFileReference; lastKnownFileType = sourcecode.swift; path = WeekHistoryView.swift; sourceTree = "<group>"; };
/* End PBXFileReference section */

/* Begin PBXFrameworksBuildPhase section */
		F82D261E2A4874B300754A86 /* Frameworks */ = {
			isa = PBXFrameworksBuildPhase;
			buildActionMask = 2147483647;
			files = (
			);
			runOnlyForDeploymentPostprocessing = 0;
		};
/* End PBXFrameworksBuildPhase section */

/* Begin PBXGroup section */
		F82D26182A4874B300754A86 = {
			isa = PBXGroup;
			children = (
				F82D26232A4874B300754A86 /* Tipple */,
				F85DCBFF2A55636E00DAA316 /* Frameworks */,
				F82D26222A4874B300754A86 /* Products */,
			);
			sourceTree = "<group>";
		};
		F82D26222A4874B300754A86 /* Products */ = {
			isa = PBXGroup;
			children = (
				F82D26212A4874B300754A86 /* Tipple.app */,
			);
			name = Products;
			sourceTree = "<group>";
		};
		F82D26232A4874B300754A86 /* Tipple */ = {
			isa = PBXGroup;
			children = (
				F82370F12A6E8C4C0041198F /* Info.plist */,
				F82370F02A6E89760041198F /* Tipple.entitlements */,
				F88FE7492AA7E0D2003AB7A7 /* Model */,
				F82D26262A4874B300754A86 /* DrinkCountView.swift */,
				F8473EC52A7D52BF00545133 /* LogDrinkFormView.swift */,
				F82D26342A4878D000754A86 /* HistoryView.swift */,
				F8ED58C62AA5031700EA10D4 /* WeekHistoryView.swift */,
				F82D26362A487B8200754A86 /* SettingsView.swift */,
				F8A7CCC52AA35D46005918EC /* LogDrinkButtonView.swift */,
				F801F1592AA12610000484FB /* BackgroundView.swift */,
				F8A037402AB2624B009C0252 /* LogDrinkTip.swift */,
				F8C9E6A22AAE039A0001666D /* Themes.swift */,
				F82D26242A4874B300754A86 /* TippleApp.swift */,
				F82D26282A4874B400754A86 /* Assets.xcassets */,
				F82D262A2A4874B400754A86 /* Preview Content */,
			);
			path = Tipple;
			sourceTree = "<group>";
		};
		F82D262A2A4874B400754A86 /* Preview Content */ = {
			isa = PBXGroup;
			children = (
				F82D262B2A4874B400754A86 /* Preview Assets.xcassets */,
			);
			path = "Preview Content";
			sourceTree = "<group>";
		};
		F85DCBFF2A55636E00DAA316 /* Frameworks */ = {
			isa = PBXGroup;
			children = (
				F85DCC022A55636E00DAA316 /* SwiftUI.framework */,
			);
			name = Frameworks;
			sourceTree = "<group>";
		};
		F88FE7492AA7E0D2003AB7A7 /* Model */ = {
			isa = PBXGroup;
			children = (
				F82D26322A4874CD00754A86 /* DrinkEntry.swift */,
				F81EF5152A49ADB800594726 /* AppSettings.swift */,
			);
			path = Model;
			sourceTree = "<group>";
		};
/* End PBXGroup section */

/* Begin PBXNativeTarget section */
		F82D26202A4874B300754A86 /* Tipple */ = {
			isa = PBXNativeTarget;
			buildConfigurationList = F82D262F2A4874B400754A86 /* Build configuration list for PBXNativeTarget "Tipple" */;
			buildPhases = (
				F82D261D2A4874B300754A86 /* Sources */,
				F82D261E2A4874B300754A86 /* Frameworks */,
				F82D261F2A4874B300754A86 /* Resources */,
				F85DCC112A55637000DAA316 /* Embed Foundation Extensions */,
			);
			buildRules = (
			);
			dependencies = (
			);
			name = Tipple;
			productName = "Tipple(SwiftData)";
			productReference = F82D26212A4874B300754A86 /* Tipple.app */;
			productType = "com.apple.product-type.application";
		};
/* End PBXNativeTarget section */

/* Begin PBXProject section */
		F82D26192A4874B300754A86 /* Project object */ = {
			isa = PBXProject;
			attributes = {
				BuildIndependentTargetsInParallel = 1;
				LastSwiftUpdateCheck = 1500;
				LastUpgradeCheck = 1500;
				TargetAttributes = {
					F82D26202A4874B300754A86 = {
						CreatedOnToolsVersion = 15.0;
					};
				};
			};
			buildConfigurationList = F82D261C2A4874B300754A86 /* Build configuration list for PBXProject "Tipple" */;
			compatibilityVersion = "Xcode 14.0";
			developmentRegion = en;
			hasScannedForEncodings = 0;
			knownRegions = (
				en,
				Base,
			);
			mainGroup = F82D26182A4874B300754A86;
			productRefGroup = F82D26222A4874B300754A86 /* Products */;
			projectDirPath = "";
			projectRoot = "";
			targets = (
				F82D26202A4874B300754A86 /* Tipple */,
			);
		};
/* End PBXProject section */

/* Begin PBXResourcesBuildPhase section */
		F82D261F2A4874B300754A86 /* Resources */ = {
			isa = PBXResourcesBuildPhase;
			buildActionMask = 2147483647;
			files = (
				F82D262C2A4874B400754A86 /* Preview Assets.xcassets in Resources */,
				F82D26292A4874B400754A86 /* Assets.xcassets in Resources */,
			);
			runOnlyForDeploymentPostprocessing = 0;
		};
/* End PBXResourcesBuildPhase section */

/* Begin PBXSourcesBuildPhase section */
		F82D261D2A4874B300754A86 /* Sources */ = {
			isa = PBXSourcesBuildPhase;
			buildActionMask = 2147483647;
			files = (
				F82D26372A487B8200754A86 /* SettingsView.swift in Sources */,
				F8C9E6A32AAE039A0001666D /* Themes.swift in Sources */,
				F801F15A2AA12610000484FB /* BackgroundView.swift in Sources */,
				F8A037412AB2624B009C0252 /* LogDrinkTip.swift in Sources */,
				F82D26272A4874B300754A86 /* DrinkCountView.swift in Sources */,
				F8473EC62A7D52BF00545133 /* LogDrinkFormView.swift in Sources */,
				F81EF5162A49ADB800594726 /* AppSettings.swift in Sources */,
				F8A7CCC62AA35D46005918EC /* LogDrinkButtonView.swift in Sources */,
				F82D26352A4878D000754A86 /* HistoryView.swift in Sources */,
				F82D26332A4874CD00754A86 /* DrinkEntry.swift in Sources */,
				F8ED58C72AA5031700EA10D4 /* WeekHistoryView.swift in Sources */,
				F82D26252A4874B300754A86 /* TippleApp.swift in Sources */,
			);
			runOnlyForDeploymentPostprocessing = 0;
		};
/* End PBXSourcesBuildPhase section */

/* Begin XCBuildConfiguration section */
		F82D262D2A4874B400754A86 /* Debug */ = {
			isa = XCBuildConfiguration;
			buildSettings = {
				ALWAYS_SEARCH_USER_PATHS = NO;
				ASSETCATALOG_COMPILER_GENERATE_SWIFT_ASSET_SYMBOL_EXTENSIONS = YES;
				CLANG_ANALYZER_NONNULL = YES;
				CLANG_ANALYZER_NUMBER_OBJECT_CONVERSION = YES_AGGRESSIVE;
				CLANG_CXX_LANGUAGE_STANDARD = "gnu++20";
				CLANG_ENABLE_MODULES = YES;
				CLANG_ENABLE_OBJC_ARC = YES;
				CLANG_ENABLE_OBJC_WEAK = YES;
				CLANG_WARN_BLOCK_CAPTURE_AUTORELEASING = YES;
				CLANG_WARN_BOOL_CONVERSION = YES;
				CLANG_WARN_COMMA = YES;
				CLANG_WARN_CONSTANT_CONVERSION = YES;
				CLANG_WARN_DEPRECATED_OBJC_IMPLEMENTATIONS = YES;
				CLANG_WARN_DIRECT_OBJC_ISA_USAGE = YES_ERROR;
				CLANG_WARN_DOCUMENTATION_COMMENTS = YES;
				CLANG_WARN_EMPTY_BODY = YES;
				CLANG_WARN_ENUM_CONVERSION = YES;
				CLANG_WARN_INFINITE_RECURSION = YES;
				CLANG_WARN_INT_CONVERSION = YES;
				CLANG_WARN_NON_LITERAL_NULL_CONVERSION = YES;
				CLANG_WARN_OBJC_IMPLICIT_RETAIN_SELF = YES;
				CLANG_WARN_OBJC_LITERAL_CONVERSION = YES;
				CLANG_WARN_OBJC_ROOT_CLASS = YES_ERROR;
				CLANG_WARN_QUOTED_INCLUDE_IN_FRAMEWORK_HEADER = YES;
				CLANG_WARN_RANGE_LOOP_ANALYSIS = YES;
				CLANG_WARN_STRICT_PROTOTYPES = YES;
				CLANG_WARN_SUSPICIOUS_MOVE = YES;
				CLANG_WARN_UNGUARDED_AVAILABILITY = YES_AGGRESSIVE;
				CLANG_WARN_UNREACHABLE_CODE = YES;
				CLANG_WARN__DUPLICATE_METHOD_MATCH = YES;
				COPY_PHASE_STRIP = NO;
				DEBUG_INFORMATION_FORMAT = dwarf;
				ENABLE_STRICT_OBJC_MSGSEND = YES;
				ENABLE_TESTABILITY = YES;
				ENABLE_USER_SCRIPT_SANDBOXING = YES;
				GCC_C_LANGUAGE_STANDARD = gnu17;
				GCC_DYNAMIC_NO_PIC = NO;
				GCC_NO_COMMON_BLOCKS = YES;
				GCC_OPTIMIZATION_LEVEL = 0;
				GCC_PREPROCESSOR_DEFINITIONS = (
					"DEBUG=1",
					"$(inherited)",
				);
				GCC_WARN_64_TO_32_BIT_CONVERSION = YES;
				GCC_WARN_ABOUT_RETURN_TYPE = YES_ERROR;
				GCC_WARN_UNDECLARED_SELECTOR = YES;
				GCC_WARN_UNINITIALIZED_AUTOS = YES_AGGRESSIVE;
				GCC_WARN_UNUSED_FUNCTION = YES;
				GCC_WARN_UNUSED_VARIABLE = YES;
				IPHONEOS_DEPLOYMENT_TARGET = 17.0;
				LOCALIZATION_PREFERS_STRING_CATALOGS = YES;
				MTL_ENABLE_DEBUG_INFO = INCLUDE_SOURCE;
				MTL_FAST_MATH = YES;
				ONLY_ACTIVE_ARCH = YES;
				SDKROOT = iphoneos;
				SWIFT_ACTIVE_COMPILATION_CONDITIONS = "DEBUG $(inherited)";
				SWIFT_OPTIMIZATION_LEVEL = "-Onone";
			};
			name = Debug;
		};
		F82D262E2A4874B400754A86 /* Release */ = {
			isa = XCBuildConfiguration;
			buildSettings = {
				ALWAYS_SEARCH_USER_PATHS = NO;
				ASSETCATALOG_COMPILER_GENERATE_SWIFT_ASSET_SYMBOL_EXTENSIONS = YES;
				CLANG_ANALYZER_NONNULL = YES;
				CLANG_ANALYZER_NUMBER_OBJECT_CONVERSION = YES_AGGRESSIVE;
				CLANG_CXX_LANGUAGE_STANDARD = "gnu++20";
				CLANG_ENABLE_MODULES = YES;
				CLANG_ENABLE_OBJC_ARC = YES;
				CLANG_ENABLE_OBJC_WEAK = YES;
				CLANG_WARN_BLOCK_CAPTURE_AUTORELEASING = YES;
				CLANG_WARN_BOOL_CONVERSION = YES;
				CLANG_WARN_COMMA = YES;
				CLANG_WARN_CONSTANT_CONVERSION = YES;
				CLANG_WARN_DEPRECATED_OBJC_IMPLEMENTATIONS = YES;
				CLANG_WARN_DIRECT_OBJC_ISA_USAGE = YES_ERROR;
				CLANG_WARN_DOCUMENTATION_COMMENTS = YES;
				CLANG_WARN_EMPTY_BODY = YES;
				CLANG_WARN_ENUM_CONVERSION = YES;
				CLANG_WARN_INFINITE_RECURSION = YES;
				CLANG_WARN_INT_CONVERSION = YES;
				CLANG_WARN_NON_LITERAL_NULL_CONVERSION = YES;
				CLANG_WARN_OBJC_IMPLICIT_RETAIN_SELF = YES;
				CLANG_WARN_OBJC_LITERAL_CONVERSION = YES;
				CLANG_WARN_OBJC_ROOT_CLASS = YES_ERROR;
				CLANG_WARN_QUOTED_INCLUDE_IN_FRAMEWORK_HEADER = YES;
				CLANG_WARN_RANGE_LOOP_ANALYSIS = YES;
				CLANG_WARN_STRICT_PROTOTYPES = YES;
				CLANG_WARN_SUSPICIOUS_MOVE = YES;
				CLANG_WARN_UNGUARDED_AVAILABILITY = YES_AGGRESSIVE;
				CLANG_WARN_UNREACHABLE_CODE = YES;
				CLANG_WARN__DUPLICATE_METHOD_MATCH = YES;
				COPY_PHASE_STRIP = NO;
				DEBUG_INFORMATION_FORMAT = "dwarf-with-dsym";
				ENABLE_NS_ASSERTIONS = NO;
				ENABLE_STRICT_OBJC_MSGSEND = YES;
				ENABLE_USER_SCRIPT_SANDBOXING = YES;
				GCC_C_LANGUAGE_STANDARD = gnu17;
				GCC_NO_COMMON_BLOCKS = YES;
				GCC_WARN_64_TO_32_BIT_CONVERSION = YES;
				GCC_WARN_ABOUT_RETURN_TYPE = YES_ERROR;
				GCC_WARN_UNDECLARED_SELECTOR = YES;
				GCC_WARN_UNINITIALIZED_AUTOS = YES_AGGRESSIVE;
				GCC_WARN_UNUSED_FUNCTION = YES;
				GCC_WARN_UNUSED_VARIABLE = YES;
				IPHONEOS_DEPLOYMENT_TARGET = 17.0;
				LOCALIZATION_PREFERS_STRING_CATALOGS = YES;
				MTL_ENABLE_DEBUG_INFO = NO;
				MTL_FAST_MATH = YES;
				SDKROOT = iphoneos;
				SWIFT_COMPILATION_MODE = wholemodule;
				VALIDATE_PRODUCT = YES;
			};
			name = Release;
		};
		F82D26302A4874B400754A86 /* Debug */ = {
			isa = XCBuildConfiguration;
			buildSettings = {
				ASSETCATALOG_COMPILER_APPICON_NAME = AppIcon;
				ASSETCATALOG_COMPILER_GLOBAL_ACCENT_COLOR_NAME = AccentColor;
				CODE_SIGN_ENTITLEMENTS = Tipple/Tipple.entitlements;
				CODE_SIGN_STYLE = Automatic;
				CURRENT_PROJECT_VERSION = 1;
				DEVELOPMENT_ASSET_PATHS = "\"Tipple/Preview Content\"";
				DEVELOPMENT_TEAM = 36P4XTQEHP;
				ENABLE_PREVIEWS = YES;
				GENERATE_INFOPLIST_FILE = YES;
				INFOPLIST_FILE = Tipple/Info.plist;
				INFOPLIST_KEY_LSApplicationCategoryType = "";
				INFOPLIST_KEY_NSHealthShareUsageDescription = "Tipple wants to access your health data to sync your drinks";
				INFOPLIST_KEY_NSHealthUpdateUsageDescription = "Tipple wants to access your health data to sync your drinks";
				INFOPLIST_KEY_UIApplicationSceneManifest_Generation = YES;
				INFOPLIST_KEY_UIApplicationSupportsIndirectInputEvents = YES;
				INFOPLIST_KEY_UISupportedInterfaceOrientations_iPad = "UIInterfaceOrientationPortrait UIInterfaceOrientationPortraitUpsideDown UIInterfaceOrientationLandscapeLeft UIInterfaceOrientationLandscapeRight";
				INFOPLIST_KEY_UISupportedInterfaceOrientations_iPhone = "UIInterfaceOrientationPortrait UIInterfaceOrientationLandscapeLeft UIInterfaceOrientationLandscapeRight";
				LD_RUNPATH_SEARCH_PATHS = (
					"$(inherited)",
					"@executable_path/Frameworks",
				);
				MARKETING_VERSION = 1.0;
				PRODUCT_BUNDLE_IDENTIFIER = co.richardp.Tipple;
				PRODUCT_NAME = "$(TARGET_NAME)";
				SWIFT_EMIT_LOC_STRINGS = YES;
				SWIFT_VERSION = 5.0;
				TARGETED_DEVICE_FAMILY = "1,2";
			};
			name = Debug;
		};
		F82D26312A4874B400754A86 /* Release */ = {
			isa = XCBuildConfiguration;
			buildSettings = {
				ASSETCATALOG_COMPILER_APPICON_NAME = AppIcon;
				ASSETCATALOG_COMPILER_GLOBAL_ACCENT_COLOR_NAME = AccentColor;
				CODE_SIGN_ENTITLEMENTS = Tipple/Tipple.entitlements;
				CODE_SIGN_STYLE = Automatic;
				CURRENT_PROJECT_VERSION = 1;
				DEVELOPMENT_ASSET_PATHS = "\"Tipple/Preview Content\"";
				DEVELOPMENT_TEAM = 36P4XTQEHP;
				ENABLE_PREVIEWS = YES;
				GENERATE_INFOPLIST_FILE = YES;
				INFOPLIST_FILE = Tipple/Info.plist;
				INFOPLIST_KEY_LSApplicationCategoryType = "";
				INFOPLIST_KEY_NSHealthShareUsageDescription = "Tipple wants to access your health data to sync your drinks";
				INFOPLIST_KEY_NSHealthUpdateUsageDescription = "Tipple wants to access your health data to sync your drinks";
				INFOPLIST_KEY_UIApplicationSceneManifest_Generation = YES;
				INFOPLIST_KEY_UIApplicationSupportsIndirectInputEvents = YES;
				INFOPLIST_KEY_UISupportedInterfaceOrientations_iPad = "UIInterfaceOrientationPortrait UIInterfaceOrientationPortraitUpsideDown UIInterfaceOrientationLandscapeLeft UIInterfaceOrientationLandscapeRight";
				INFOPLIST_KEY_UISupportedInterfaceOrientations_iPhone = "UIInterfaceOrientationPortrait UIInterfaceOrientationLandscapeLeft UIInterfaceOrientationLandscapeRight";
				LD_RUNPATH_SEARCH_PATHS = (
					"$(inherited)",
					"@executable_path/Frameworks",
				);
				MARKETING_VERSION = 1.0;
				PRODUCT_BUNDLE_IDENTIFIER = co.richardp.Tipple;
				PRODUCT_NAME = "$(TARGET_NAME)";
				SWIFT_EMIT_LOC_STRINGS = YES;
				SWIFT_VERSION = 5.0;
				TARGETED_DEVICE_FAMILY = "1,2";
			};
			name = Release;
		};
/* End XCBuildConfiguration section */

/* Begin XCConfigurationList section */
		F82D261C2A4874B300754A86 /* Build configuration list for PBXProject "Tipple" */ = {
			isa = XCConfigurationList;
			buildConfigurations = (
				F82D262D2A4874B400754A86 /* Debug */,
				F82D262E2A4874B400754A86 /* Release */,
			);
			defaultConfigurationIsVisible = 0;
			defaultConfigurationName = Release;
		};
		F82D262F2A4874B400754A86 /* Build configuration list for PBXNativeTarget "Tipple" */ = {
			isa = XCConfigurationList;
			buildConfigurations = (
				F82D26302A4874B400754A86 /* Debug */,
				F82D26312A4874B400754A86 /* Release */,
			);
			defaultConfigurationIsVisible = 0;
			defaultConfigurationName = Release;
		};
/* End XCConfigurationList section */
	};
	rootObject = F82D26192A4874B300754A86 /* Project object */;
}
